Microsoft Visual Studio Solution File, Format Version 12.00
# Visual Studio Version 16
VisualStudioVersion = 16.0.0.0
MinimumVisualStudioVersion = 16.0.0.0
Project("{9A19103F-16F7-4668-BE54-9A1E7A4F7556}") = "HostelStudents", "HostelStudents\HostelStudents.csproj", "{36193A93-2086-49C8-83A0-1ED075A3CD92}"
EndProject
Project("{9A19103F-16F7-4668-BE54-9A1E7A4F7556}") = "HostelStudents.Client", "HostelStudents.Client\HostelStudents.Client.csproj", "{227BA5A3-4DB3-4934-84E5-BE03E75B5A1B}"
EndProject
Project("{FAE04EC0-301F-11D3-BF4B-00C04F79EFBC}") = "HostelStudents.AcceptanceTests", "HostelStudents.AcceptanceTests\HostelStudents.AcceptanceTests.csproj", "{945DFA07-1E10-43B4-A06D-211C82D9FE6F}"
EndProject
Project("{FAE04EC0-301F-11D3-BF4B-00C04F79EFBC}") = "HostelStudents.BusinessLogic", "HostelStudents.BusinessLogic\HostelStudents.BusinessLogic.csproj", "{7C28B4C7-19F4-4685-AC0D-B61A4A9FCADA}"
EndProject
Project("{FAE04EC0-301F-11D3-BF4B-00C04F79EFBC}") = "HostelStudents.BusinessLogic.UnitTests", "HostelStudents.BusinessLogic.UnitTests\HostelStudents.BusinessLogic.UnitTests.csproj", "{259C37AB-17B9-4213-83C2-20FFE5BD1624}"
EndProject
Project("{FAE04EC0-301F-11D3-BF4B-00C04F79EFBC}") = "HostelStudents.Client.ComponentTests", "HostelStudents.Client.ComponentTests\HostelStudents.Client.ComponentTests.csproj", "{799DA5AA-65F0-44A9-A30C-0328C211EA6E}"
EndProject
Project("{FAE04EC0-301F-11D3-BF4B-00C04F79EFBC}") = "HostelStudents.ConsoleProject", "HostelStudents.ConsoleProject\HostelStudents.ConsoleProject.csproj", "{0150FA4D-A295-4E55-8835-AA888563900A}"
EndProject
Project("{FAE04EC0-301F-11D3-BF4B-00C04F79EFBC}") = "HostelStudents.Server.ComponentTests", "HostelStudents.Server.ComponentTests\HostelStudents.Server.ComponentTests.csproj", "{52FB8539-058C-4646-B181-76FEE34F1F71}"
EndProject
Project("{FAE04EC0-301F-11D3-BF4B-00C04F79EFBC}") = "HostelStudents.Server.ControllerTests", "HostelStudents.Server.ControllerTests\HostelStudents.Server.ControllerTests.csproj", "{C95739FF-DA56-4A9A-9FE8-DC13879750C8}"
EndProject
Project("{FAE04EC0-301F-11D3-BF4B-00C04F79EFBC}") = "HostelStudents.Shared", "HostelStudents.Shared\HostelStudents.Shared.csproj", "{9D201E2A-AC26-4543-9573-54184567E777}"
EndProject
Global
	GlobalSection(SolutionConfigurationPlatforms) = preSolution
		Debug|Any CPU = Debug|Any CPU
		Debug|x64 = Debug|x64
		Debug|x86 = Debug|x86
		Release|Any CPU = Release|Any CPU
		Release|x64 = Release|x64
		Release|x86 = Release|x86
	EndGlobalSection
	GlobalSection(ProjectConfigurationPlatforms) = postSolution
		{227BA5A3-4DB3-4934-84E5-BE03E75B5A1B}.Debug|Any CPU.ActiveCfg = Debug|Any CPU
		{227BA5A3-4DB3-4934-84E5-BE03E75B5A1B}.Debug|Any CPU.Build.0 = Debug|Any CPU
		{227BA5A3-4DB3-4934-84E5-BE03E75B5A1B}.Debug|x64.ActiveCfg = Debug|Any CPU
		{227BA5A3-4DB3-4934-84E5-BE03E75B5A1B}.Debug|x64.Build.0 = Debug|Any CPU
		{227BA5A3-4DB3-4934-84E5-BE03E75B5A1B}.Debug|x86.ActiveCfg = Debug|Any CPU
		{227BA5A3-4DB3-4934-84E5-BE03E75B5A1B}.Debug|x86.Build.0 = Debug|Any CPU
		{227BA5A3-4DB3-4934-84E5-BE03E75B5A1B}.Release|Any CPU.ActiveCfg = Release|Any CPU
		{227BA5A3-4DB3-4934-84E5-BE03E75B5A1B}.Release|Any CPU.Build.0 = Release|Any CPU
		{227BA5A3-4DB3-4934-84E5-BE03E75B5A1B}.Release|x64.ActiveCfg = Release|Any CPU
		{227BA5A3-4DB3-4934-84E5-BE03E75B5A1B}.Release|x64.Build.0 = Release|Any CPU
		{227BA5A3-4DB3-4934-84E5-BE03E75B5A1B}.Release|x86.ActiveCfg = Release|Any CPU
		{227BA5A3-4DB3-4934-84E5-BE03E75B5A1B}.Release|x86.Build.0 = Release|Any CPU
		{36193A93-2086-49C8-83A0-1ED075A3CD92}.Debug|Any CPU.ActiveCfg = Debug|Any CPU
		{36193A93-2086-49C8-83A0-1ED075A3CD92}.Debug|Any CPU.Build.0 = Debug|Any CPU
		{36193A93-2086-49C8-83A0-1ED075A3CD92}.Debug|x64.ActiveCfg = Debug|Any CPU
		{36193A93-2086-49C8-83A0-1ED075A3CD92}.Debug|x64.Build.0 = Debug|Any CPU
		{36193A93-2086-49C8-83A0-1ED075A3CD92}.Debug|x86.ActiveCfg = Debug|Any CPU
		{36193A93-2086-49C8-83A0-1ED075A3CD92}.Debug|x86.Build.0 = Debug|Any CPU
		{36193A93-2086-49C8-83A0-1ED075A3CD92}.Release|Any CPU.ActiveCfg = Release|Any CPU
		{36193A93-2086-49C8-83A0-1ED075A3CD92}.Release|Any CPU.Build.0 = Release|Any CPU
		{36193A93-2086-49C8-83A0-1ED075A3CD92}.Release|x64.ActiveCfg = Release|Any CPU
		{36193A93-2086-49C8-83A0-1ED075A3CD92}.Release|x64.Build.0 = Release|Any CPU
		{36193A93-2086-49C8-83A0-1ED075A3CD92}.Release|x86.ActiveCfg = Release|Any CPU
		{36193A93-2086-49C8-83A0-1ED075A3CD92}.Release|x86.Build.0 = Release|Any CPU
		{945DFA07-1E10-43B4-A06D-211C82D9FE6F}.Debug|Any CPU.ActiveCfg = Debug|Any CPU
		{945DFA07-1E10-43B4-A06D-211C82D9FE6F}.Debug|Any CPU.Build.0 = Debug|Any CPU
		{945DFA07-1E10-43B4-A06D-211C82D9FE6F}.Debug|x64.ActiveCfg = Debug|Any CPU
		{945DFA07-1E10-43B4-A06D-211C82D9FE6F}.Debug|x64.Build.0 = Debug|Any CPU
		{945DFA07-1E10-43B4-A06D-211C82D9FE6F}.Debug|x86.ActiveCfg = Debug|Any CPU
		{945DFA07-1E10-43B4-A06D-211C82D9FE6F}.Debug|x86.Build.0 = Debug|Any CPU
		{945DFA07-1E10-43B4-A06D-211C82D9FE6F}.Release|Any CPU.ActiveCfg = Release|Any CPU
		{945DFA07-1E10-43B4-A06D-211C82D9FE6F}.Release|Any CPU.Build.0 = Release|Any CPU
		{945DFA07-1E10-43B4-A06D-211C82D9FE6F}.Release|x64.ActiveCfg = Release|Any CPU
		{945DFA07-1E10-43B4-A06D-211C82D9FE6F}.Release|x64.Build.0 = Release|Any CPU
		{945DFA07-1E10-43B4-A06D-211C82D9FE6F}.Release|x86.ActiveCfg = Release|Any CPU
		{945DFA07-1E10-43B4-A06D-211C82D9FE6F}.Release|x86.Build.0 = Release|Any CPU
		{7C28B4C7-19F4-4685-AC0D-B61A4A9FCADA}.Debug|Any CPU.ActiveCfg = Debug|Any CPU
		{7C28B4C7-19F4-4685-AC0D-B61A4A9FCADA}.Debug|Any CPU.Build.0 = Debug|Any CPU
		{7C28B4C7-19F4-4685-AC0D-B61A4A9FCADA}.Debug|x64.ActiveCfg = Debug|Any CPU
		{7C28B4C7-19F4-4685-AC0D-B61A4A9FCADA}.Debug|x64.Build.0 = Debug|Any CPU
		{7C28B4C7-19F4-4685-AC0D-B61A4A9FCADA}.Debug|x86.ActiveCfg = Debug|Any CPU
		{7C28B4C7-19F4-4685-AC0D-B61A4A9FCADA}.Debug|x86.Build.0 = Debug|Any CPU
		{7C28B4C7-19F4-4685-AC0D-B61A4A9FCADA}.Release|Any CPU.ActiveCfg = Release|Any CPU
		{7C28B4C7-19F4-4685-AC0D-B61A4A9FCADA}.Release|Any CPU.Build.0 = Release|Any CPU
		{7C28B4C7-19F4-4685-AC0D-B61A4A9FCADA}.Release|x64.ActiveCfg = Release|Any CPU
		{7C28B4C7-19F4-4685-AC0D-B61A4A9FCADA}.Release|x64.Build.0 = Release|Any CPU
		{7C28B4C7-19F4-4685-AC0D-B61A4A9FCADA}.Release|x86.ActiveCfg = Release|Any CPU
		{7C28B4C7-19F4-4685-AC0D-B61A4A9FCADA}.Release|x86.Build.0 = Release|Any CPU
		{259C37AB-17B9-4213-83C2-20FFE5BD1624}.Debug|Any CPU.ActiveCfg = Debug|Any CPU
		{259C37AB-17B9-4213-83C2-20FFE5BD1624}.Debug|Any CPU.Build.0 = Debug|Any CPU
		{259C37AB-17B9-4213-83C2-20FFE5BD1624}.Debug|x64.ActiveCfg = Debug|Any CPU
		{259C37AB-17B9-4213-83C2-20FFE5BD1624}.Debug|x64.Build.0 = Debug|Any CPU
		{259C37AB-17B9-4213-83C2-20FFE5BD1624}.Debug|x86.ActiveCfg = Debug|Any CPU
		{259C37AB-17B9-4213-83C2-20FFE5BD1624}.Debug|x86.Build.0 = Debug|Any CPU
		{259C37AB-17B9-4213-83C2-20FFE5BD1624}.Release|Any CPU.ActiveCfg = Release|Any CPU
		{259C37AB-17B9-4213-83C2-20FFE5BD1624}.Release|Any CPU.Build.0 = Release|Any CPU
		{259C37AB-17B9-4213-83C2-20FFE5BD1624}.Release|x64.ActiveCfg = Release|Any CPU
		{259C37AB-17B9-4213-83C2-20FFE5BD1624}.Release|x64.Build.0 = Release|Any CPU
		{259C37AB-17B9-4213-83C2-20FFE5BD1624}.Release|x86.ActiveCfg = Release|Any CPU
		{259C37AB-17B9-4213-83C2-20FFE5BD1624}.Release|x86.Build.0 = Release|Any CPU
		{799DA5AA-65F0-44A9-A30C-0328C211EA6E}.Debug|Any CPU.ActiveCfg = Debug|Any CPU
		{799DA5AA-65F0-44A9-A30C-0328C211EA6E}.Debug|Any CPU.Build.0 = Debug|Any CPU
		{799DA5AA-65F0-44A9-A30C-0328C211EA6E}.Debug|x64.ActiveCfg = Debug|Any CPU
		{799DA5AA-65F0-44A9-A30C-0328C211EA6E}.Debug|x64.Build.0 = Debug|Any CPU
		{799DA5AA-65F0-44A9-A30C-0328C211EA6E}.Debug|x86.ActiveCfg = Debug|Any CPU
		{799DA5AA-65F0-44A9-A30C-0328C211EA6E}.Debug|x86.Build.0 = Debug|Any CPU
		{799DA5AA-65F0-44A9-A30C-0328C211EA6E}.Release|Any CPU.ActiveCfg = Release|Any CPU
		{799DA5AA-65F0-44A9-A30C-0328C211EA6E}.Release|Any CPU.Build.0 = Release|Any CPU
		{799DA5AA-65F0-44A9-A30C-0328C211EA6E}.Release|x64.ActiveCfg = Release|Any CPU
		{799DA5AA-65F0-44A9-A30C-0328C211EA6E}.Release|x64.Build.0 = Release|Any CPU
		{799DA5AA-65F0-44A9-A30C-0328C211EA6E}.Release|x86.ActiveCfg = Release|Any CPU
		{799DA5AA-65F0-44A9-A30C-0328C211EA6E}.Release|x86.Build.0 = Release|Any CPU
		{0150FA4D-A295-4E55-8835-AA888563900A}.Debug|Any CPU.ActiveCfg = Debug|Any CPU
		{0150FA4D-A295-4E55-8835-AA888563900A}.Debug|Any CPU.Build.0 = Debug|Any CPU
		{0150FA4D-A295-4E55-8835-AA888563900A}.Debug|x64.ActiveCfg = Debug|Any CPU
		{0150FA4D-A295-4E55-8835-AA888563900A}.Debug|x64.Build.0 = Debug|Any CPU
		{0150FA4D-A295-4E55-8835-AA888563900A}.Debug|x86.ActiveCfg = Debug|Any CPU
		{0150FA4D-A295-4E55-8835-AA888563900A}.Debug|x86.Build.0 = Debug|Any CPU
		{0150FA4D-A295-4E55-8835-AA888563900A}.Release|Any CPU.ActiveCfg = Release|Any CPU
		{0150FA4D-A295-4E55-8835-AA888563900A}.Release|Any CPU.Build.0 = Release|Any CPU
		{0150FA4D-A295-4E55-8835-AA888563900A}.Release|x64.ActiveCfg = Release|Any CPU
		{0150FA4D-A295-4E55-8835-AA888563900A}.Release|x64.Build.0 = Release|Any CPU
		{0150FA4D-A295-4E55-8835-AA888563900A}.Release|x86.ActiveCfg = Release|Any CPU
		{0150FA4D-A295-4E55-8835-AA888563900A}.Release|x86.Build.0 = Release|Any CPU
		{52FB8539-058C-4646-B181-76FEE34F1F71}.Debug|Any CPU.ActiveCfg = Debug|Any CPU
		{52FB8539-058C-4646-B181-76FEE34F1F71}.Debug|Any CPU.Build.0 = Debug|Any CPU
		{52FB8539-058C-4646-B181-76FEE34F1F71}.Debug|x64.ActiveCfg = Debug|Any CPU
		{52FB8539-058C-4646-B181-76FEE34F1F71}.Debug|x64.Build.0 = Debug|Any CPU
		{52FB8539-058C-4646-B181-76FEE34F1F71}.Debug|x86.ActiveCfg = Debug|Any CPU
		{52FB8539-058C-4646-B181-76FEE34F1F71}.Debug|x86.Build.0 = Debug|Any CPU
		{52FB8539-058C-4646-B181-76FEE34F1F71}.Release|Any CPU.ActiveCfg = Release|Any CPU
		{52FB8539-058C-4646-B181-76FEE34F1F71}.Release|Any CPU.Build.0 = Release|Any CPU
		{52FB8539-058C-4646-B181-76FEE34F1F71}.Release|x64.ActiveCfg = Release|Any CPU
		{52FB8539-058C-4646-B181-76FEE34F1F71}.Release|x64.Build.0 = Release|Any CPU
		{52FB8539-058C-4646-B181-76FEE34F1F71}.Release|x86.ActiveCfg = Release|Any CPU
		{52FB8539-058C-4646-B181-76FEE34F1F71}.Release|x86.Build.0 = Release|Any CPU
		{C95739FF-DA56-4A9A-9FE8-DC13879750C8}.Debug|Any CPU.ActiveCfg = Debug|Any CPU
		{C95739FF-DA56-4A9A-9FE8-DC13879750C8}.Debug|Any CPU.Build.0 = Debug|Any CPU
		{C95739FF-DA56-4A9A-9FE8-DC13879750C8}.Debug|x64.ActiveCfg = Debug|Any CPU
		{C95739FF-DA56-4A9A-9FE8-DC13879750C8}.Debug|x64.Build.0 = Debug|Any CPU
		{C95739FF-DA56-4A9A-9FE8-DC13879750C8}.Debug|x86.ActiveCfg = Debug|Any CPU
		{C95739FF-DA56-4A9A-9FE8-DC13879750C8}.Debug|x86.Build.0 = Debug|Any CPU
		{C95739FF-DA56-4A9A-9FE8-DC13879750C8}.Release|Any CPU.ActiveCfg = Release|Any CPU
		{C95739FF-DA56-4A9A-9FE8-DC13879750C8}.Release|Any CPU.Build.0 = Release|Any CPU
		{C95739FF-DA56-4A9A-9FE8-DC13879750C8}.Release|x64.ActiveCfg = Release|Any CPU
		{C95739FF-DA56-4A9A-9FE8-DC13879750C8}.Release|x64.Build.0 = Release|Any CPU
		{C95739FF-DA56-4A9A-9FE8-DC13879750C8}.Release|x86.ActiveCfg = Release|Any CPU
		{C95739FF-DA56-4A9A-9FE8-DC13879750C8}.Release|x86.Build.0 = Release|Any CPU
		{9D201E2A-AC26-4543-9573-54184567E777}.Debug|Any CPU.ActiveCfg = Debug|Any CPU
		{9D201E2A-AC26-4543-9573-54184567E777}.Debug|Any CPU.Build.0 = Debug|Any CPU
		{9D201E2A-AC26-4543-9573-54184567E777}.Debug|x64.ActiveCfg = Debug|Any CPU
		{9D201E2A-AC26-4543-9573-54184567E777}.Debug|x64.Build.0 = Debug|Any CPU
		{9D201E2A-AC26-4543-9573-54184567E777}.Debug|x86.ActiveCfg = Debug|Any CPU
		{9D201E2A-AC26-4543-9573-54184567E777}.Debug|x86.Build.0 = Debug|Any CPU
		{9D201E2A-AC26-4543-9573-54184567E777}.Release|Any CPU.ActiveCfg = Release|Any CPU
		{9D201E2A-AC26-4543-9573-54184567E777}.Release|Any CPU.Build.0 = Release|Any CPU
		{9D201E2A-AC26-4543-9573-54184567E777}.Release|x64.ActiveCfg = Release|Any CPU
		{9D201E2A-AC26-4543-9573-54184567E777}.Release|x64.Build.0 = Release|Any CPU
		{9D201E2A-AC26-4543-9573-54184567E777}.Release|x86.ActiveCfg = Release|Any CPU
		{9D201E2A-AC26-4543-9573-54184567E777}.Release|x86.Build.0 = Release|Any CPU
	EndGlobalSection
	GlobalSection(SolutionProperties) = preSolution
		HideSolutionNode = FALSE
	EndGlobalSection
	GlobalSection(ExtensibilityGlobals) = postSolution
		SolutionGuid = {B7018862-5CA3-4C9B-A0C4-65DBC5FDA3E1}
	EndGlobalSection
EndGlobal
